
Microsoft Visual Studio Solution File, Format Version 12.00
# Visual Studio Version 17
VisualStudioVersion = 17.9.34728.123
MinimumVisualStudioVersion = 10.0.40219.1
Project("{9A19103F-16F7-4668-BE54-9A1E7A4F7556}") = "console-app", "console-app.csproj", "{7AC2F7AA-CA3F-4B07-97E6-D3062ABAD9FB}"
EndProject
Global
	GlobalSection(SolutionConfigurationPlatforms) = preSolution
		Debug|Any CPU = Debug|Any CPU
		Release|Any CPU = Release|Any CPU
	EndGlobalSection
	GlobalSection(ProjectConfigurationPlatforms) = postSolution
		{7AC2F7AA-CA3F-4B07-97E6-D3062ABAD9FB}.Debug|Any CPU.ActiveCfg = Debug|Any CPU
		{7AC2F7AA-CA3F-4B07-97E6-D3062ABAD9FB}.Debug|Any CPU.Build.0 = Debug|Any CPU
		{7AC2F7AA-CA3F-4B07-97E6-D3062ABAD9FB}.Release|Any CPU.ActiveCfg = Release|Any CPU
		{7AC2F7AA-CA3F-4B07-97E6-D3062ABAD9FB}.Release|Any CPU.Build.0 = Release|Any CPU
	EndGlobalSection
	GlobalSection(SolutionProperties) = preSolution
		HideSolutionNode = FALSE
	EndGlobalSection
	GlobalSection(ExtensibilityGlobals) = postSolution
		SolutionGuid = {B5A9ABF7-512D-4FC1-B00C-7E8F4D1B7A03}
	EndGlobalSection
EndGlobal
